
Microsoft Visual Studio Solution File, Format Version 12.00
# Visual Studio Version 17
VisualStudioVersion = 17.11.35312.102
MinimumVisualStudioVersion = 10.0.40219.1
Project("{FAE04EC0-301F-11D3-BF4B-00C04F79EFBC}") = "HangfireMeta.Core", "..\HangfireMeta.Core\HangfireMeta.Core.csproj", "{EC09A3EB-CC7F-4961-A0CF-5635A6E14280}"
EndProject
Project("{FAE04EC0-301F-11D3-BF4B-00C04F79EFBC}") = "HangfireMeta.Infrastructure", "..\HangfireMeta.Infrastructure\HangfireMeta.Infrastructure.csproj", "{54FBCAD3-7AF8-4931-970F-5111BC4EB30C}"
EndProject
Project("{FAE04EC0-301F-11D3-BF4B-00C04F79EFBC}") = "HangfireMeta.Application", "..\HangfireMeta.Application\HangfireMeta.Application.csproj", "{D4A521D0-0BBD-4EE1-B3EC-9C979E58A4FA}"
EndProject
Global
	GlobalSection(SolutionConfigurationPlatforms) = preSolution
		Debug|Any CPU = Debug|Any CPU
		Release|Any CPU = Release|Any CPU
	EndGlobalSection
	GlobalSection(ProjectConfigurationPlatforms) = postSolution
		{EC09A3EB-CC7F-4961-A0CF-5635A6E14280}.Debug|Any CPU.ActiveCfg = Debug|Any CPU
		{EC09A3EB-CC7F-4961-A0CF-5635A6E14280}.Debug|Any CPU.Build.0 = Debug|Any CPU
		{EC09A3EB-CC7F-4961-A0CF-5635A6E14280}.Release|Any CPU.ActiveCfg = Release|Any CPU
		{EC09A3EB-CC7F-4961-A0CF-5635A6E14280}.Release|Any CPU.Build.0 = Release|Any CPU
		{54FBCAD3-7AF8-4931-970F-5111BC4EB30C}.Debug|Any CPU.ActiveCfg = Debug|Any CPU
		{54FBCAD3-7AF8-4931-970F-5111BC4EB30C}.Debug|Any CPU.Build.0 = Debug|Any CPU
		{54FBCAD3-7AF8-4931-970F-5111BC4EB30C}.Release|Any CPU.ActiveCfg = Release|Any CPU
		{54FBCAD3-7AF8-4931-970F-5111BC4EB30C}.Release|Any CPU.Build.0 = Release|Any CPU
		{D4A521D0-0BBD-4EE1-B3EC-9C979E58A4FA}.Debug|Any CPU.ActiveCfg = Debug|Any CPU
		{D4A521D0-0BBD-4EE1-B3EC-9C979E58A4FA}.Debug|Any CPU.Build.0 = Debug|Any CPU
		{D4A521D0-0BBD-4EE1-B3EC-9C979E58A4FA}.Release|Any CPU.ActiveCfg = Release|Any CPU
		{D4A521D0-0BBD-4EE1-B3EC-9C979E58A4FA}.Release|Any CPU.Build.0 = Release|Any CPU
	EndGlobalSection
	GlobalSection(SolutionProperties) = preSolution
		HideSolutionNode = FALSE
	EndGlobalSection
	GlobalSection(ExtensibilityGlobals) = postSolution
		SolutionGuid = {DD0D7BB8-9C45-4EC7-9C59-70C9A1FEB1C8}
	EndGlobalSection
EndGlobal
